PODS:
  - FXBlurView (1.6.4)
  - JRSwizzle (1.0)
  - MLUI (3.2.0):
    - MLUI/ActionButton (= 3.2.0)
    - MLUI/Core (= 3.2.0)
    - MLUI/Helpers (= 3.2.0)
    - MLUI/MLButton (= 3.2.0)
    - MLUI/MLCheckBox (= 3.2.0)
    - MLUI/MLColorPalette (= 3.2.0)
    - MLUI/MLContextualMenu (= 3.2.0)
    - MLUI/MLFonts (= 3.2.0)
    - MLUI/MLGenericErrorView (= 3.2.0)
    - MLUI/MLHtml (= 3.2.0)
    - MLUI/MLModal (= 3.2.0)
    - MLUI/MLRadioButton (= 3.2.0)
    - MLUI/MLSnackBar (= 3.2.0)
    - MLUI/MLSpacing (= 3.2.0)
    - MLUI/MLSpinner (= 3.2.0)
    - MLUI/MLSwitch (= 3.2.0)
    - MLUI/MLTextView (= 3.2.0)
    - MLUI/MLTitledMultiLineTextField (= 3.2.0)
    - MLUI/MLTitledSingleLineTextField (= 3.2.0)
    - MLUI/PriceView (= 3.2.0)
    - MLUI/SnackBarView (= 3.2.0)
    - MLUI/StyleSheet (= 3.2.0)
  - MLUI/ActionButton (3.2.0):
    - MLUI/Core
  - MLUI/Core (3.2.0):
    - MLUI/MLFonts
  - MLUI/Helpers (3.2.0)
  - MLUI/MLButton (3.2.0):
    - MLUI/MLColorPalette
    - MLUI/MLFonts
    - MLUI/MLSpinner
    - MLUI/StyleSheet
  - MLUI/MLCheckBox (3.2.0):
    - MLUI/MLColorPalette
  - MLUI/MLColorPalette (3.2.0)
  - MLUI/MLContextualMenu (3.2.0):
    - MLUI/MLColorPalette
    - MLUI/MLFonts
  - MLUI/MLFonts (3.2.0):
    - JRSwizzle (= 1.0)
    - MLUI/Helpers
    - MLUI/StyleSheet
  - MLUI/MLGenericErrorView (3.2.0):
    - MLUI/MLButton
    - MLUI/MLColorPalette
    - MLUI/MLSpacing
  - MLUI/MLHtml (3.2.0):
    - MLUI/MLFonts
  - MLUI/MLModal (3.2.0):
    - FXBlurView (~> 1.6)
    - MLUI/Core
    - MLUI/MLButton
    - MLUI/MLColorPalette
    - MLUI/MLFonts
    - MLUI/StyleSheet
  - MLUI/MLRadioButton (3.2.0):
    - MLUI/MLColorPalette
  - MLUI/MLSnackBar (3.2.0):
    - MLUI/Helpers
    - MLUI/MLButton
    - MLUI/MLColorPalette
    - MLUI/MLFonts
  - MLUI/MLSpacing (3.2.0):
    - JRSwizzle (= 1.0)
    - MLUI/MLFonts
  - MLUI/MLSpinner (3.2.0):
    - MLUI/MLColorPalette
    - MLUI/MLFonts
    - MLUI/StyleSheet
  - MLUI/MLSwitch (3.2.0):
    - MLUI/Helpers
    - MLUI/MLColorPalette
  - MLUI/MLTextView (3.2.0):
    - MLUI/MLColorPalette
    - MLUI/MLFonts
  - MLUI/MLTitledMultiLineTextField (3.2.0):
    - MLUI/MLColorPalette
    - MLUI/MLFonts
    - MLUI/MLTitledSingleLineTextField
    - MLUI/StyleSheet
  - MLUI/MLTitledSingleLineTextField (3.2.0):
    - MLUI/MLColorPalette
    - MLUI/MLFonts
    - MLUI/StyleSheet
  - MLUI/PriceView (3.2.0):
    - MLUI/Core
    - MLUI/MLFonts
  - MLUI/SnackBarView (3.2.0):
    - MLUI/Helpers
    - MLUI/MLFonts
  - MLUI/StyleSheet (3.2.0)
  - OCMock (3.3.1)

DEPENDENCIES:
  - FXBlurView (~> 1.6)
  - MLUI (from `./`)
  - OCMock

EXTERNAL SOURCES:
  MLUI:
    :path: ./

SPEC CHECKSUMS:
  FXBlurView: db786c2561cb49a09ae98407f52460096ab8a44f
  JRSwizzle: dd5ead5d913a0f29e7f558200165849f006bb1e3
  MLUI: 41e1d9a6389c9ab9e3010fd7dd4dddf3c229905a
  OCMock: f3f61e6eaa16038c30caa5798c5e49d3307b6f22

PODFILE CHECKSUM: b0130f5fd6aea00617f14e817b6489c765e1f20d

COCOAPODS: 1.4.0
